
Microsoft Visual Studio Solution File, Format Version 12.00
# Visual Studio Version 17
VisualStudioVersion = 17.3.32922.545
MinimumVisualStudioVersion = 10.0.40219.1
Project("{FAE04EC0-301F-11D3-BF4B-00C04F79EFBC}") = "PracticWork1", "PracticWork1\PracticWork1.csproj", "{A890A9E5-84BA-4441-B138-C91A11E928C6}"
EndProject
Global
	GlobalSection(SolutionConfigurationPlatforms) = preSolution
		Debug|Any CPU = Debug|Any CPU
		Release|Any CPU = Release|Any CPU
	EndGlobalSection
	GlobalSection(ProjectConfigurationPlatforms) = postSolution
		{A890A9E5-84BA-4441-B138-C91A11E928C6}.Debug|Any CPU.ActiveCfg = Debug|Any CPU
		{A890A9E5-84BA-4441-B138-C91A11E928C6}.Debug|Any CPU.Build.0 = Debug|Any CPU
		{A890A9E5-84BA-4441-B138-C91A11E928C6}.Release|Any CPU.ActiveCfg = Release|Any CPU
		{A890A9E5-84BA-4441-B138-C91A11E928C6}.Release|Any CPU.Build.0 = Release|Any CPU
	EndGlobalSection
	GlobalSection(SolutionProperties) = preSolution
		HideSolutionNode = FALSE
	EndGlobalSection
	GlobalSection(ExtensibilityGlobals) = postSolution
		SolutionGuid = {0E987762-B8DC-479D-AEBA-DC914B411015}
	EndGlobalSection
EndGlobal
